
Microsoft Visual Studio Solution File, Format Version 12.00
# Visual Studio 15
VisualStudioVersion = 15.0.26228.4
MinimumVisualStudioVersion = 10.0.40219.1
Project("{FAE04EC0-301F-11D3-BF4B-00C04F79EFBC}") = "Example7", "Example7.csproj", "{EAEBA143-3AFC-47F3-83D3-800F2F23EFCB}"
EndProject
Global
	GlobalSection(SolutionConfigurationPlatforms) = preSolution
		Debug|Any CPU = Debug|Any CPU
		Release|Any CPU = Release|Any CPU
	EndGlobalSection
	GlobalSection(ProjectConfigurationPlatforms) = postSolution
		{EAEBA143-3AFC-47F3-83D3-800F2F23EFCB}.Debug|Any CPU.ActiveCfg = Debug|Any CPU
		{EAEBA143-3AFC-47F3-83D3-800F2F23EFCB}.Debug|Any CPU.Build.0 = Debug|Any CPU
		{EAEBA143-3AFC-47F3-83D3-800F2F23EFCB}.Release|Any CPU.ActiveCfg = Release|Any CPU
		{EAEBA143-3AFC-47F3-83D3-800F2F23EFCB}.Release|Any CPU.Build.0 = Release|Any CPU
	EndGlobalSection
	GlobalSection(SolutionProperties) = preSolution
		HideSolutionNode = FALSE
	EndGlobalSection
EndGlobal
